{
    "_meta": {
        "hash": {
            "sha256": "300472bfa69deca68371096a0b12a3cd0e01ab7dd48b9112735c94941f146d95"
        },
        "pipfile-spec": 6,
        "requires": {
            "python_version": "3.8"
        },
        "sources": [
            {
                "name": "pypi",
                "url": "https://pypi.org/simple",
                "verify_ssl": true
            }
        ]
    },
    "default": {
        "configargparse": {
            "hashes": [
                "sha256:18f6535a2db9f6e02bd5626cc7455eac3e96b9ab3d969d366f9aafd5c5c00fe7",
                "sha256:1b0b3cbf664ab59dada57123c81eff3d9737e0d11d8cf79e3d6eb10823f1739f"
            ],
            "index": "pypi",
            "version": "==1.5.3"
        },
        "dbus-python": {
            "hashes": [
                "sha256:92bdd1e68b45596c833307a5ff4b217ee6929a1502f5341bae28fd120acf7260"
            ],
            "index": "pypi",
            "version": "==1.2.18"
        },
        "pyroute2": {
            "hashes": [
                "sha256:3d1c4d1a71fb569cab578f55f7134ef02d48e8b3182b4e7e66b2a775628edafb"
            ],
            "index": "pypi",
            "version": "==0.6.9"
        },
        "pyroute2.core": {
            "hashes": [
                "sha256:947d0c8b69d1e23a9ac2fa6f55f9fbf54d007e5c44f2553554b2afa801170cea"
            ],
            "version": "==0.6.9"
        },
        "pyroute2.ethtool": {
            "hashes": [
                "sha256:ea8ef9a652de4a57ba64582821918a2c28f1d61838676a243aad91a804f683c1"
            ],
            "version": "==0.6.9"
        },
        "pyroute2.ipdb": {
            "hashes": [
                "sha256:b09f59ce5ae1f4559558bed2b721e93cfb97a3a4ed34bcf6fe54010a5e775ab9"
            ],
            "version": "==0.6.9"
        },
        "pyroute2.ipset": {
            "hashes": [
                "sha256:89c10c267a34dd629474861367a048028f659b8dd1c0c8f13577284a4605f353"
            ],
            "version": "==0.6.9"
        },
        "pyroute2.ndb": {
            "hashes": [
                "sha256:01293ac9cc3775034c578c666b13c01c32f52adad8d49190e72258709f8e8141"
            ],
            "version": "==0.6.9"
        },
        "pyroute2.nftables": {
            "hashes": [
                "sha256:f012f3f082286e6ac66fae0f857cf55d67e5dca2533a138bfa3d42e3f8e55ee2"
            ],
            "version": "==0.6.9"
        },
        "pyroute2.nslink": {
            "hashes": [
                "sha256:5998d17b12a7d455978fee4a671a995c1d1a6669ddd0408a5adde1bd50ddcf8c"
            ],
            "version": "==0.6.9"
        }
    },
    "develop": {}
}
